
Microsoft Visual Studio Solution File, Format Version 12.00
# Visual Studio Version 16
VisualStudioVersion = 16.0.29215.179
MinimumVisualStudioVersion = 10.0.40219.1
Project("{FAE04EC0-301F-11D3-BF4B-00C04F79EFBC}") = "Trigger.Android", "Trigger\Trigger.Android\Trigger.Android.csproj", "{752F5F03-27A9-4AE7-AD42-1DAF40EB33ED}"
EndProject
Project("{FAE04EC0-301F-11D3-BF4B-00C04F79EFBC}") = "Trigger.iOS", "Trigger\Trigger.iOS\Trigger.iOS.csproj", "{E4565BD9-924D-48A3-B8F1-7EE3D6FF179A}"
EndProject
Project("{FAE04EC0-301F-11D3-BF4B-00C04F79EFBC}") = "Trigger", "Trigger\Trigger\Trigger.csproj", "{E925D04F-8ED5-4201-A3ED-32BB71A93F8D}"
EndProject
Global
	GlobalSection(SolutionConfigurationPlatforms) = preSolution
		Debug|Any CPU = Debug|Any CPU
		Debug|iPhone = Debug|iPhone
		Debug|iPhoneSimulator = Debug|iPhoneSimulator
		Release|Any CPU = Release|Any CPU
		Release|iPhone = Release|iPhone
		Release|iPhoneSimulator = Release|iPhoneSimulator
	EndGlobalSection
	GlobalSection(ProjectConfigurationPlatforms) = postSolution
		{752F5F03-27A9-4AE7-AD42-1DAF40EB33ED}.Debug|Any CPU.ActiveCfg = Debug|Any CPU
		{752F5F03-27A9-4AE7-AD42-1DAF40EB33ED}.Debug|Any CPU.Build.0 = Debug|Any CPU
		{752F5F03-27A9-4AE7-AD42-1DAF40EB33ED}.Debug|Any CPU.Deploy.0 = Debug|Any CPU
		{752F5F03-27A9-4AE7-AD42-1DAF40EB33ED}.Debug|iPhone.ActiveCfg = Debug|Any CPU
		{752F5F03-27A9-4AE7-AD42-1DAF40EB33ED}.Debug|iPhone.Build.0 = Debug|Any CPU
		{752F5F03-27A9-4AE7-AD42-1DAF40EB33ED}.Debug|iPhone.Deploy.0 = Debug|Any CPU
		{752F5F03-27A9-4AE7-AD42-1DAF40EB33ED}.Debug|iPhoneSimulator.ActiveCfg = Debug|Any CPU
		{752F5F03-27A9-4AE7-AD42-1DAF40EB33ED}.Debug|iPhoneSimulator.Build.0 = Debug|Any CPU
		{752F5F03-27A9-4AE7-AD42-1DAF40EB33ED}.Debug|iPhoneSimulator.Deploy.0 = Debug|Any CPU
		{752F5F03-27A9-4AE7-AD42-1DAF40EB33ED}.Release|Any CPU.ActiveCfg = Release|Any CPU
		{752F5F03-27A9-4AE7-AD42-1DAF40EB33ED}.Release|Any CPU.Build.0 = Release|Any CPU
		{752F5F03-27A9-4AE7-AD42-1DAF40EB33ED}.Release|Any CPU.Deploy.0 = Release|Any CPU
		{752F5F03-27A9-4AE7-AD42-1DAF40EB33ED}.Release|iPhone.ActiveCfg = Release|Any CPU
		{752F5F03-27A9-4AE7-AD42-1DAF40EB33ED}.Release|iPhone.Build.0 = Release|Any CPU
		{752F5F03-27A9-4AE7-AD42-1DAF40EB33ED}.Release|iPhone.Deploy.0 = Release|Any CPU
		{752F5F03-27A9-4AE7-AD42-1DAF40EB33ED}.Release|iPhoneSimulator.ActiveCfg = Release|Any CPU
		{752F5F03-27A9-4AE7-AD42-1DAF40EB33ED}.Release|iPhoneSimulator.Build.0 = Release|Any CPU
		{752F5F03-27A9-4AE7-AD42-1DAF40EB33ED}.Release|iPhoneSimulator.Deploy.0 = Release|Any CPU
		{E4565BD9-924D-48A3-B8F1-7EE3D6FF179A}.Debug|Any CPU.ActiveCfg = Debug|iPhoneSimulator
		{E4565BD9-924D-48A3-B8F1-7EE3D6FF179A}.Debug|Any CPU.Build.0 = Debug|iPhoneSimulator
		{E4565BD9-924D-48A3-B8F1-7EE3D6FF179A}.Debug|Any CPU.Deploy.0 = Debug|iPhoneSimulator
		{E4565BD9-924D-48A3-B8F1-7EE3D6FF179A}.Debug|iPhone.ActiveCfg = Debug|iPhone
		{E4565BD9-924D-48A3-B8F1-7EE3D6FF179A}.Debug|iPhone.Build.0 = Debug|iPhone
		{E4565BD9-924D-48A3-B8F1-7EE3D6FF179A}.Debug|iPhone.Deploy.0 = Debug|iPhone
		{E4565BD9-924D-48A3-B8F1-7EE3D6FF179A}.Debug|iPhoneSimulator.ActiveCfg = Debug|iPhoneSimulator
		{E4565BD9-924D-48A3-B8F1-7EE3D6FF179A}.Debug|iPhoneSimulator.Build.0 = Debug|iPhoneSimulator
		{E4565BD9-924D-48A3-B8F1-7EE3D6FF179A}.Debug|iPhoneSimulator.Deploy.0 = Debug|iPhoneSimulator
		{E4565BD9-924D-48A3-B8F1-7EE3D6FF179A}.Release|Any CPU.ActiveCfg = Release|iPhone
		{E4565BD9-924D-48A3-B8F1-7EE3D6FF179A}.Release|Any CPU.Build.0 = Release|iPhone
		{E4565BD9-924D-48A3-B8F1-7EE3D6FF179A}.Release|Any CPU.Deploy.0 = Release|iPhone
		{E4565BD9-924D-48A3-B8F1-7EE3D6FF179A}.Release|iPhone.ActiveCfg = Release|iPhone
		{E4565BD9-924D-48A3-B8F1-7EE3D6FF179A}.Release|iPhone.Build.0 = Release|iPhone
		{E4565BD9-924D-48A3-B8F1-7EE3D6FF179A}.Release|iPhone.Deploy.0 = Release|iPhone
		{E4565BD9-924D-48A3-B8F1-7EE3D6FF179A}.Release|iPhoneSimulator.ActiveCfg = Release|iPhoneSimulator
		{E4565BD9-924D-48A3-B8F1-7EE3D6FF179A}.Release|iPhoneSimulator.Build.0 = Release|iPhoneSimulator
		{E4565BD9-924D-48A3-B8F1-7EE3D6FF179A}.Release|iPhoneSimulator.Deploy.0 = Release|iPhoneSimulator
		{E925D04F-8ED5-4201-A3ED-32BB71A93F8D}.Debug|Any CPU.ActiveCfg = Debug|Any CPU
		{E925D04F-8ED5-4201-A3ED-32BB71A93F8D}.Debug|Any CPU.Build.0 = Debug|Any CPU
		{E925D04F-8ED5-4201-A3ED-32BB71A93F8D}.Debug|Any CPU.Deploy.0 = Debug|Any CPU
		{E925D04F-8ED5-4201-A3ED-32BB71A93F8D}.Debug|iPhone.ActiveCfg = Debug|Any CPU
		{E925D04F-8ED5-4201-A3ED-32BB71A93F8D}.Debug|iPhone.Build.0 = Debug|Any CPU
		{E925D04F-8ED5-4201-A3ED-32BB71A93F8D}.Debug|iPhone.Deploy.0 = Debug|Any CPU
		{E925D04F-8ED5-4201-A3ED-32BB71A93F8D}.Debug|iPhoneSimulator.ActiveCfg = Debug|Any CPU
		{E925D04F-8ED5-4201-A3ED-32BB71A93F8D}.Debug|iPhoneSimulator.Build.0 = Debug|Any CPU
		{E925D04F-8ED5-4201-A3ED-32BB71A93F8D}.Debug|iPhoneSimulator.Deploy.0 = Debug|Any CPU
		{E925D04F-8ED5-4201-A3ED-32BB71A93F8D}.Release|Any CPU.ActiveCfg = Release|Any CPU
		{E925D04F-8ED5-4201-A3ED-32BB71A93F8D}.Release|Any CPU.Build.0 = Release|Any CPU
		{E925D04F-8ED5-4201-A3ED-32BB71A93F8D}.Release|Any CPU.Deploy.0 = Release|Any CPU
		{E925D04F-8ED5-4201-A3ED-32BB71A93F8D}.Release|iPhone.ActiveCfg = Release|Any CPU
		{E925D04F-8ED5-4201-A3ED-32BB71A93F8D}.Release|iPhone.Build.0 = Release|Any CPU
		{E925D04F-8ED5-4201-A3ED-32BB71A93F8D}.Release|iPhone.Deploy.0 = Release|Any CPU
		{E925D04F-8ED5-4201-A3ED-32BB71A93F8D}.Release|iPhoneSimulator.ActiveCfg = Release|Any CPU
		{E925D04F-8ED5-4201-A3ED-32BB71A93F8D}.Release|iPhoneSimulator.Build.0 = Release|Any CPU
		{E925D04F-8ED5-4201-A3ED-32BB71A93F8D}.Release|iPhoneSimulator.Deploy.0 = Release|Any CPU
	EndGlobalSection
	GlobalSection(SolutionProperties) = preSolution
		HideSolutionNode = FALSE
	EndGlobalSection
	GlobalSection(ExtensibilityGlobals) = postSolution
		SolutionGuid = {6473A10A-B887-47F0-9845-EDDE6E8FA896}
	EndGlobalSection
EndGlobal
